// !$*UTF8*$!
{
	archiveVersion = 1;
	classes = {
	};
	objectVersion = 60;
	objects = {

/* Begin PBXBuildFile section */
		41DC6E81E53A4BFA9C75C92B /* ShouldITextHimApp.swift in Sources */ = {isa = PBXBuildFile; fileRef = 55DA6F4E54324DBAB6038091 /* ShouldITextHimApp.swift */; };
		6AA7F510D95341DCA10DF280 /* Verdict.swift in Sources */ = {isa = PBXBuildFile; fileRef = 414DAEC3F0B2422D852F5D20 /* Verdict.swift */; };
		ECFBC16CB75D41EBA8F7000A /* Goal.swift in Sources */ = {isa = PBXBuildFile; fileRef = 575F5F4E770E47D48E620C28 /* Goal.swift */; };
		33E8745016164A24BD65A711 /* QuickContext.swift in Sources */ = {isa = PBXBuildFile; fileRef = 5C23F75B56CC4E49AE184C4C /* QuickContext.swift */; };
		637A68AE2A944F7CA91B7E13 /* ContextInput.swift in Sources */ = {isa = PBXBuildFile; fileRef = D072579DE8A34797AB0F10A9 /* ContextInput.swift */; };
		E48534434BE04183A72B9BBA /* JudgmentRequest.swift in Sources */ = {isa = PBXBuildFile; fileRef = 342E3396DBA84BA3981B801E /* JudgmentRequest.swift */; };
		30CB348FC8824E9DA617793E /* JudgmentResult.swift in Sources */ = {isa = PBXBuildFile; fileRef = 9A68A62B83D34F38B203CF7A /* JudgmentResult.swift */; };
		098F87ACD41B418AB0FC2FAB /* SafetyScanner.swift in Sources */ = {isa = PBXBuildFile; fileRef = 5B613205BBFC4486AACF3635 /* SafetyScanner.swift */; };
		20BC2A19BB6440638CB7DF61 /* MessageSignals.swift in Sources */ = {isa = PBXBuildFile; fileRef = 2234F2F18B654D0F8314DE6F /* MessageSignals.swift */; };
		5D18B2ABEF234C14B7A4713F /* ContextSignals.swift in Sources */ = {isa = PBXBuildFile; fileRef = 3E93BC5E928540C6808DE20B /* ContextSignals.swift */; };
		A18BFFBF1DCD4B84BF84B0B5 /* DeterministicJudgmentRules.swift in Sources */ = {isa = PBXBuildFile; fileRef = B2DDCF2F43414B4491427F78 /* DeterministicJudgmentRules.swift */; };
		145A14C9C3294DA6A53F503D /* FallbackJudgment.swift in Sources */ = {isa = PBXBuildFile; fileRef = 943AC957BA1A43D19500F5CA /* FallbackJudgment.swift */; };
		B79BB64E1B29423D8D20A193 /* JudgmentProvider.swift in Sources */ = {isa = PBXBuildFile; fileRef = 2CDAE657F4E2488DB8B782CE /* JudgmentProvider.swift */; };
		2936D2A75F7C4B3DB146C461 /* LocalJudgmentProvider.swift in Sources */ = {isa = PBXBuildFile; fileRef = 9CDB97E7E2724CE98B4B8019 /* LocalJudgmentProvider.swift */; };
		C35A6CAF4E9346E9B3E34509 /* RewriteEngine.swift in Sources */ = {isa = PBXBuildFile; fileRef = 938E9604C7F34CF7BC9955D3 /* RewriteEngine.swift */; };
		B9B4623BEE5F4EF2B527DC61 /* RootView.swift in Sources */ = {isa = PBXBuildFile; fileRef = 671680E627F04232934C7DED /* RootView.swift */; };
		D74587AB2E0143348684887A /* MessageStepView.swift in Sources */ = {isa = PBXBuildFile; fileRef = 06F5746504AD49258BE1E76C /* MessageStepView.swift */; };
		43B4DCED049F474088D73A43 /* GoalStepView.swift in Sources */ = {isa = PBXBuildFile; fileRef = 0F9EF75EA41B4771945D941F /* GoalStepView.swift */; };
		B4A85A82DB2B4D8C82BEA893 /* ContextStepView.swift in Sources */ = {isa = PBXBuildFile; fileRef = 59A17FDA5B2D44A0A8C86603 /* ContextStepView.swift */; };
		C3002B309D744F26B06F4938 /* VerdictView.swift in Sources */ = {isa = PBXBuildFile; fileRef = 8CF08AE0D3E44522A87FA719 /* VerdictView.swift */; };
		CA42D04D78964EBE8559E674 /* RewriteResultView.swift in Sources */ = {isa = PBXBuildFile; fileRef = 3AF13BA9D596464092224F35 /* RewriteResultView.swift */; };
		E862D7DB6FCD4C28BA094A55 /* ClipboardWriting.swift in Sources */ = {isa = PBXBuildFile; fileRef = E86A1BA211504D9696A3D173 /* ClipboardWriting.swift */; };
		E2AB4306F5DE4A3CBEB8462A /* JudgeViewModel.swift in Sources */ = {isa = PBXBuildFile; fileRef = 3E7E70B92B734391A715B238 /* JudgeViewModel.swift */; };
		7AD062A34B724AC7B9D5178F /* Theme.swift in Sources */ = {isa = PBXBuildFile; fileRef = A9B16D300E254DF6A6CE2586 /* Theme.swift */; };
		457C3D34745A446C828825A6 /* Haptics.swift in Sources */ = {isa = PBXBuildFile; fileRef = E6061616C2EC4B018FEC664A /* Haptics.swift */; };
		529A65331C7B41FE8C715567 /* Assets.xcassets in Resources */ = {isa = PBXBuildFile; fileRef = 9B41C6561F47496AA9B2CF84 /* Assets.xcassets */; };
		F92B9231D84D45E1B449AFA6 /* PrivacyInfo.xcprivacy in Resources */ = {isa = PBXBuildFile; fileRef = 1E6A05730E014E2EA338974C /* PrivacyInfo.xcprivacy */; };
		7819ED628F3948A18F53B360 /* SafetyScannerTests.swift in Sources */ = {isa = PBXBuildFile; fileRef = 827E81D5F0F349389AE3BCD3 /* SafetyScannerTests.swift */; };
		31967548B0424C9EA66A9F04 /* DeterministicJudgmentRulesTests.swift in Sources */ = {isa = PBXBuildFile; fileRef = 502F108CFC814719B3740A66 /* DeterministicJudgmentRulesTests.swift */; };
		3F14638AAA0446EB8DE3BA2A /* LocalJudgmentProviderFixtureTests.swift in Sources */ = {isa = PBXBuildFile; fileRef = FA0551172F1A4D1BB16B50F6 /* LocalJudgmentProviderFixtureTests.swift */; };
		3CD7AF87F2364B37BA8BEBD3 /* RewriteEngineTests.swift in Sources */ = {isa = PBXBuildFile; fileRef = AAFBBE2A73C44C4CA37FEC2A /* RewriteEngineTests.swift */; };
		E4F4A6D5D6E64AA49A29F088 /* JudgeViewModelTests.swift in Sources */ = {isa = PBXBuildFile; fileRef = CBCE08CA2AB64E3F95DA26B4 /* JudgeViewModelTests.swift */; };
/* End PBXBuildFile section */

/* Begin PBXContainerItemProxy section */
		97B9D49A82B6470F97BD8285 /* PBXContainerItemProxy */ = {
			isa = PBXContainerItemProxy;
			containerPortal = 3CF73F27B6164FAC9588AD57 /* Project object */;
			proxyType = 1;
			remoteGlobalIDString = 6F10CA9C14FA48C0AD200B54;
			remoteInfo = ShouldITextHim;
		};
/* End PBXContainerItemProxy section */

/* Begin PBXFileReference section */
		184E93A31CBA42F3B51D7089 /* ShouldITextHim.app */ = {isa = PBXFileReference; explicitFileType = wrapper.application; includeInIndex = 0; path = ShouldITextHim.app; sourceTree = BUILT_PRODUCTS_DIR; };
		CE1EFF51877D4D9AA6F70993 /* ShouldITextHimTests.xctest */ = {isa = PBXFileReference; explicitFileType = wrapper.cfbundle; includeInIndex = 0; path = ShouldITextHimTests.xctest; sourceTree = BUILT_PRODUCTS_DIR; };
		5A76214D758F43589091FBCD /* Info.plist */ = {isa = PBXFileReference; lastKnownFileType = text.plist.xml; path = Info.plist; sourceTree = "<group>"; };
		55DA6F4E54324DBAB6038091 /* ShouldITextHimApp.swift */ = {isa = PBXFileReference; lastKnownFileType = sourcecode.swift; path = ShouldITextHimApp.swift; sourceTree = "<group>"; };
		414DAEC3F0B2422D852F5D20 /* Verdict.swift */ = {isa = PBXFileReference; lastKnownFileType = sourcecode.swift; path = Verdict.swift; sourceTree = "<group>"; };
		575F5F4E770E47D48E620C28 /* Goal.swift */ = {isa = PBXFileReference; lastKnownFileType = sourcecode.swift; path = Goal.swift; sourceTree = "<group>"; };
		5C23F75B56CC4E49AE184C4C /* QuickContext.swift */ = {isa = PBXFileReference; lastKnownFileType = sourcecode.swift; path = QuickContext.swift; sourceTree = "<group>"; };
		D072579DE8A34797AB0F10A9 /* ContextInput.swift */ = {isa = PBXFileReference; lastKnownFileType = sourcecode.swift; path = ContextInput.swift; sourceTree = "<group>"; };
		342E3396DBA84BA3981B801E /* JudgmentRequest.swift */ = {isa = PBXFileReference; lastKnownFileType = sourcecode.swift; path = JudgmentRequest.swift; sourceTree = "<group>"; };
		9A68A62B83D34F38B203CF7A /* JudgmentResult.swift */ = {isa = PBXFileReference; lastKnownFileType = sourcecode.swift; path = JudgmentResult.swift; sourceTree = "<group>"; };
		5B613205BBFC4486AACF3635 /* SafetyScanner.swift */ = {isa = PBXFileReference; lastKnownFileType = sourcecode.swift; path = SafetyScanner.swift; sourceTree = "<group>"; };
		2234F2F18B654D0F8314DE6F /* MessageSignals.swift */ = {isa = PBXFileReference; lastKnownFileType = sourcecode.swift; path = MessageSignals.swift; sourceTree = "<group>"; };
		3E93BC5E928540C6808DE20B /* ContextSignals.swift */ = {isa = PBXFileReference; lastKnownFileType = sourcecode.swift; path = ContextSignals.swift; sourceTree = "<group>"; };
		B2DDCF2F43414B4491427F78 /* DeterministicJudgmentRules.swift */ = {isa = PBXFileReference; lastKnownFileType = sourcecode.swift; path = DeterministicJudgmentRules.swift; sourceTree = "<group>"; };
		943AC957BA1A43D19500F5CA /* FallbackJudgment.swift */ = {isa = PBXFileReference; lastKnownFileType = sourcecode.swift; path = FallbackJudgment.swift; sourceTree = "<group>"; };
		2CDAE657F4E2488DB8B782CE /* JudgmentProvider.swift */ = {isa = PBXFileReference; lastKnownFileType = sourcecode.swift; path = JudgmentProvider.swift; sourceTree = "<group>"; };
		9CDB97E7E2724CE98B4B8019 /* LocalJudgmentProvider.swift */ = {isa = PBXFileReference; lastKnownFileType = sourcecode.swift; path = LocalJudgmentProvider.swift; sourceTree = "<group>"; };
		938E9604C7F34CF7BC9955D3 /* RewriteEngine.swift */ = {isa = PBXFileReference; lastKnownFileType = sourcecode.swift; path = RewriteEngine.swift; sourceTree = "<group>"; };
		671680E627F04232934C7DED /* RootView.swift */ = {isa = PBXFileReference; lastKnownFileType = sourcecode.swift; path = RootView.swift; sourceTree = "<group>"; };
		06F5746504AD49258BE1E76C /* MessageStepView.swift */ = {isa = PBXFileReference; lastKnownFileType = sourcecode.swift; path = MessageStepView.swift; sourceTree = "<group>"; };
		0F9EF75EA41B4771945D941F /* GoalStepView.swift */ = {isa = PBXFileReference; lastKnownFileType = sourcecode.swift; path = GoalStepView.swift; sourceTree = "<group>"; };
		59A17FDA5B2D44A0A8C86603 /* ContextStepView.swift */ = {isa = PBXFileReference; lastKnownFileType = sourcecode.swift; path = ContextStepView.swift; sourceTree = "<group>"; };
		8CF08AE0D3E44522A87FA719 /* VerdictView.swift */ = {isa = PBXFileReference; lastKnownFileType = sourcecode.swift; path = VerdictView.swift; sourceTree = "<group>"; };
		3AF13BA9D596464092224F35 /* RewriteResultView.swift */ = {isa = PBXFileReference; lastKnownFileType = sourcecode.swift; path = RewriteResultView.swift; sourceTree = "<group>"; };
		E86A1BA211504D9696A3D173 /* ClipboardWriting.swift */ = {isa = PBXFileReference; lastKnownFileType = sourcecode.swift; path = ClipboardWriting.swift; sourceTree = "<group>"; };
		3E7E70B92B734391A715B238 /* JudgeViewModel.swift */ = {isa = PBXFileReference; lastKnownFileType = sourcecode.swift; path = JudgeViewModel.swift; sourceTree = "<group>"; };
		A9B16D300E254DF6A6CE2586 /* Theme.swift */ = {isa = PBXFileReference; lastKnownFileType = sourcecode.swift; path = Theme.swift; sourceTree = "<group>"; };
		E6061616C2EC4B018FEC664A /* Haptics.swift */ = {isa = PBXFileReference; lastKnownFileType = sourcecode.swift; path = Haptics.swift; sourceTree = "<group>"; };
		9B41C6561F47496AA9B2CF84 /* Assets.xcassets */ = {isa = PBXFileReference; lastKnownFileType = folder.assetcatalog; path = Assets.xcassets; sourceTree = "<group>"; };
		1E6A05730E014E2EA338974C /* PrivacyInfo.xcprivacy */ = {isa = PBXFileReference; lastKnownFileType = text.plist.xml; path = PrivacyInfo.xcprivacy; sourceTree = "<group>"; };
		827E81D5F0F349389AE3BCD3 /* SafetyScannerTests.swift */ = {isa = PBXFileReference; lastKnownFileType = sourcecode.swift; path = SafetyScannerTests.swift; sourceTree = "<group>"; };
		502F108CFC814719B3740A66 /* DeterministicJudgmentRulesTests.swift */ = {isa = PBXFileReference; lastKnownFileType = sourcecode.swift; path = DeterministicJudgmentRulesTests.swift; sourceTree = "<group>"; };
		FA0551172F1A4D1BB16B50F6 /* LocalJudgmentProviderFixtureTests.swift */ = {isa = PBXFileReference; lastKnownFileType = sourcecode.swift; path = LocalJudgmentProviderFixtureTests.swift; sourceTree = "<group>"; };
		AAFBBE2A73C44C4CA37FEC2A /* RewriteEngineTests.swift */ = {isa = PBXFileReference; lastKnownFileType = sourcecode.swift; path = RewriteEngineTests.swift; sourceTree = "<group>"; };
		CBCE08CA2AB64E3F95DA26B4 /* JudgeViewModelTests.swift */ = {isa = PBXFileReference; lastKnownFileType = sourcecode.swift; path = JudgeViewModelTests.swift; sourceTree = "<group>"; };
/* End PBXFileReference section */

/* Begin PBXFrameworksBuildPhase section */
		99AFA869563F4BA681EED6E1 /* Frameworks */ = {
			isa = PBXFrameworksBuildPhase;
			buildActionMask = 2147483647;
			files = (
			);
			runOnlyForDeploymentPostprocessing = 0;
		};
		BD730595D0304C319CC41136 /* Frameworks */ = {
			isa = PBXFrameworksBuildPhase;
			buildActionMask = 2147483647;
			files = (
			);
			runOnlyForDeploymentPostprocessing = 0;
		};
/* End PBXFrameworksBuildPhase section */

/* Begin PBXGroup section */
		15F07CBB98AF4969911406DE /* Products */ = {
			isa = PBXGroup;
			children = (
				184E93A31CBA42F3B51D7089 /* ShouldITextHim.app */,
				CE1EFF51877D4D9AA6F70993 /* ShouldITextHimTests.xctest */,
			);
			name = Products;
			sourceTree = "<group>";
		};
		FF8180F0AAE8415FA375CF3E /* Models */ = {
			isa = PBXGroup;
			children = (
				414DAEC3F0B2422D852F5D20 /* Verdict.swift */,
				575F5F4E770E47D48E620C28 /* Goal.swift */,
				5C23F75B56CC4E49AE184C4C /* QuickContext.swift */,
				D072579DE8A34797AB0F10A9 /* ContextInput.swift */,
				342E3396DBA84BA3981B801E /* JudgmentRequest.swift */,
				9A68A62B83D34F38B203CF7A /* JudgmentResult.swift */,
			);
			path = Models;
			sourceTree = "<group>";
		};
		E52CCCF3C5214F5191B580C4 /* Engine */ = {
			isa = PBXGroup;
			children = (
				5B613205BBFC4486AACF3635 /* SafetyScanner.swift */,
				2234F2F18B654D0F8314DE6F /* MessageSignals.swift */,
				3E93BC5E928540C6808DE20B /* ContextSignals.swift */,
				B2DDCF2F43414B4491427F78 /* DeterministicJudgmentRules.swift */,
				943AC957BA1A43D19500F5CA /* FallbackJudgment.swift */,
				2CDAE657F4E2488DB8B782CE /* JudgmentProvider.swift */,
				9CDB97E7E2724CE98B4B8019 /* LocalJudgmentProvider.swift */,
				938E9604C7F34CF7BC9955D3 /* RewriteEngine.swift */,
			);
			path = Engine;
			sourceTree = "<group>";
		};
		2FEC5D75953644BEA1A4CA74 /* Views */ = {
			isa = PBXGroup;
			children = (
				671680E627F04232934C7DED /* RootView.swift */,
				06F5746504AD49258BE1E76C /* MessageStepView.swift */,
				0F9EF75EA41B4771945D941F /* GoalStepView.swift */,
				59A17FDA5B2D44A0A8C86603 /* ContextStepView.swift */,
				8CF08AE0D3E44522A87FA719 /* VerdictView.swift */,
				3AF13BA9D596464092224F35 /* RewriteResultView.swift */,
			);
			path = Views;
			sourceTree = "<group>";
		};
		894EB79C00634F40944F03E7 /* ViewModels */ = {
			isa = PBXGroup;
			children = (
				E86A1BA211504D9696A3D173 /* ClipboardWriting.swift */,
				3E7E70B92B734391A715B238 /* JudgeViewModel.swift */,
			);
			path = ViewModels;
			sourceTree = "<group>";
		};
		435F07823BAF4450BDCC658E /* Support */ = {
			isa = PBXGroup;
			children = (
				A9B16D300E254DF6A6CE2586 /* Theme.swift */,
				E6061616C2EC4B018FEC664A /* Haptics.swift */,
			);
			path = Support;
			sourceTree = "<group>";
		};
		159264527692460985767151 /* ShouldITextHim */ = {
			isa = PBXGroup;
			children = (
				55DA6F4E54324DBAB6038091 /* ShouldITextHimApp.swift */,
				FF8180F0AAE8415FA375CF3E /* Models */,
				E52CCCF3C5214F5191B580C4 /* Engine */,
				2FEC5D75953644BEA1A4CA74 /* Views */,
				894EB79C00634F40944F03E7 /* ViewModels */,
				435F07823BAF4450BDCC658E /* Support */,
				9B41C6561F47496AA9B2CF84 /* Assets.xcassets */,
				1E6A05730E014E2EA338974C /* PrivacyInfo.xcprivacy */,
				5A76214D758F43589091FBCD /* Info.plist */,
			);
			path = ShouldITextHim;
			sourceTree = "<group>";
		};
		6BFD02416CA64F9A9EF0517A /* ShouldITextHimTests */ = {
			isa = PBXGroup;
			children = (
				827E81D5F0F349389AE3BCD3 /* SafetyScannerTests.swift */,
				502F108CFC814719B3740A66 /* DeterministicJudgmentRulesTests.swift */,
				FA0551172F1A4D1BB16B50F6 /* LocalJudgmentProviderFixtureTests.swift */,
				AAFBBE2A73C44C4CA37FEC2A /* RewriteEngineTests.swift */,
				CBCE08CA2AB64E3F95DA26B4 /* JudgeViewModelTests.swift */,
			);
			path = ShouldITextHimTests;
			sourceTree = "<group>";
		};
		A50D12F5625B45F7A82F38D3 = {
			isa = PBXGroup;
			children = (
				159264527692460985767151 /* ShouldITextHim */,
				6BFD02416CA64F9A9EF0517A /* ShouldITextHimTests */,
				15F07CBB98AF4969911406DE /* Products */,
			);
			sourceTree = "<group>";
		};
/* End PBXGroup section */

/* Begin PBXNativeTarget section */
		6F10CA9C14FA48C0AD200B54 /* ShouldITextHim */ = {
			isa = PBXNativeTarget;
			buildConfigurationList = 6FC955C75AC241858021D282 /* Build configuration list for PBXNativeTarget "ShouldITextHim" */;
			buildPhases = (
				4A2A397FDBF94425B78219E0 /* Sources */,
				99AFA869563F4BA681EED6E1 /* Frameworks */,
				80AAB458ED2843B29A70C731 /* Resources */,
			);
			buildRules = (
			);
			dependencies = (
			);
			name = ShouldITextHim;
			productName = ShouldITextHim;
			productReference = 184E93A31CBA42F3B51D7089 /* ShouldITextHim.app */;
			productType = "com.apple.product-type.application";
		};
		550D745C52ED4E58A7BB9C1B /* ShouldITextHimTests */ = {
			isa = PBXNativeTarget;
			buildConfigurationList = FC70D732CD334B2EA28A47F9 /* Build configuration list for PBXNativeTarget "ShouldITextHimTests" */;
			buildPhases = (
				D8AA7D85004040879C150A28 /* Sources */,
				BD730595D0304C319CC41136 /* Frameworks */,
				E33C78BA81EA4920A42622EC /* Resources */,
			);
			buildRules = (
			);
			dependencies = (
				B10C18D55B5844F0A576F04E /* PBXTargetDependency */,
			);
			name = ShouldITextHimTests;
			productName = ShouldITextHimTests;
			productReference = CE1EFF51877D4D9AA6F70993 /* ShouldITextHimTests.xctest */;
			productType = "com.apple.product-type.bundle.unit-test";
		};
/* End PBXNativeTarget section */

/* Begin PBXProject section */
		3CF73F27B6164FAC9588AD57 /* Project object */ = {
			isa = PBXProject;
			attributes = {
				BuildIndependentTargetsInParallel = 1;
				LastSwiftUpdateCheck = 1600;
				LastUpgradeCheck = 1600;
				TargetAttributes = {
					6F10CA9C14FA48C0AD200B54 = {
						CreatedOnToolsVersion = 16.0;
					};
					550D745C52ED4E58A7BB9C1B = {
						CreatedOnToolsVersion = 16.0;
						TestTargetID = 6F10CA9C14FA48C0AD200B54;
					};
				};
			};
			buildConfigurationList = 699E931D4AFA4EA9BEF845D2 /* Build configuration list for PBXProject "ShouldITextHim" */;
			compatibilityVersion = "Xcode 14.0";
			developmentRegion = en;
			hasScannedForEncodings = 0;
			knownRegions = (
				en,
				Base,
			);
			mainGroup = A50D12F5625B45F7A82F38D3;
			productRefGroup = 15F07CBB98AF4969911406DE /* Products */;
			projectDirPath = "";
			projectRoot = "";
			targets = (
				6F10CA9C14FA48C0AD200B54 /* ShouldITextHim */,
				550D745C52ED4E58A7BB9C1B /* ShouldITextHimTests */,
			);
		};
/* End PBXProject section */

/* Begin PBXResourcesBuildPhase section */
		80AAB458ED2843B29A70C731 /* Resources */ = {
			isa = PBXResourcesBuildPhase;
			buildActionMask = 2147483647;
			files = (
				529A65331C7B41FE8C715567 /* Assets.xcassets in Resources */,
				F92B9231D84D45E1B449AFA6 /* PrivacyInfo.xcprivacy in Resources */,
			);
			runOnlyForDeploymentPostprocessing = 0;
		};
		E33C78BA81EA4920A42622EC /* Resources */ = {
			isa = PBXResourcesBuildPhase;
			buildActionMask = 2147483647;
			files = (
			);
			runOnlyForDeploymentPostprocessing = 0;
		};
/* End PBXResourcesBuildPhase section */

/* Begin PBXSourcesBuildPhase section */
		4A2A397FDBF94425B78219E0 /* Sources */ = {
			isa = PBXSourcesBuildPhase;
			buildActionMask = 2147483647;
			files = (
				41DC6E81E53A4BFA9C75C92B /* ShouldITextHimApp.swift in Sources */,
				6AA7F510D95341DCA10DF280 /* Verdict.swift in Sources */,
				ECFBC16CB75D41EBA8F7000A /* Goal.swift in Sources */,
				33E8745016164A24BD65A711 /* QuickContext.swift in Sources */,
				637A68AE2A944F7CA91B7E13 /* ContextInput.swift in Sources */,
				E48534434BE04183A72B9BBA /* JudgmentRequest.swift in Sources */,
				30CB348FC8824E9DA617793E /* JudgmentResult.swift in Sources */,
				098F87ACD41B418AB0FC2FAB /* SafetyScanner.swift in Sources */,
				20BC2A19BB6440638CB7DF61 /* MessageSignals.swift in Sources */,
				5D18B2ABEF234C14B7A4713F /* ContextSignals.swift in Sources */,
				A18BFFBF1DCD4B84BF84B0B5 /* DeterministicJudgmentRules.swift in Sources */,
				145A14C9C3294DA6A53F503D /* FallbackJudgment.swift in Sources */,
				B79BB64E1B29423D8D20A193 /* JudgmentProvider.swift in Sources */,
				2936D2A75F7C4B3DB146C461 /* LocalJudgmentProvider.swift in Sources */,
				C35A6CAF4E9346E9B3E34509 /* RewriteEngine.swift in Sources */,
				B9B4623BEE5F4EF2B527DC61 /* RootView.swift in Sources */,
				D74587AB2E0143348684887A /* MessageStepView.swift in Sources */,
				43B4DCED049F474088D73A43 /* GoalStepView.swift in Sources */,
				B4A85A82DB2B4D8C82BEA893 /* ContextStepView.swift in Sources */,
				C3002B309D744F26B06F4938 /* VerdictView.swift in Sources */,
				CA42D04D78964EBE8559E674 /* RewriteResultView.swift in Sources */,
				E862D7DB6FCD4C28BA094A55 /* ClipboardWriting.swift in Sources */,
				E2AB4306F5DE4A3CBEB8462A /* JudgeViewModel.swift in Sources */,
				7AD062A34B724AC7B9D5178F /* Theme.swift in Sources */,
				457C3D34745A446C828825A6 /* Haptics.swift in Sources */,
			);
			runOnlyForDeploymentPostprocessing = 0;
		};
		D8AA7D85004040879C150A28 /* Sources */ = {
			isa = PBXSourcesBuildPhase;
			buildActionMask = 2147483647;
			files = (
				7819ED628F3948A18F53B360 /* SafetyScannerTests.swift in Sources */,
				31967548B0424C9EA66A9F04 /* DeterministicJudgmentRulesTests.swift in Sources */,
				3F14638AAA0446EB8DE3BA2A /* LocalJudgmentProviderFixtureTests.swift in Sources */,
				3CD7AF87F2364B37BA8BEBD3 /* RewriteEngineTests.swift in Sources */,
				E4F4A6D5D6E64AA49A29F088 /* JudgeViewModelTests.swift in Sources */,
			);
			runOnlyForDeploymentPostprocessing = 0;
		};
/* End PBXSourcesBuildPhase section */

/* Begin PBXTargetDependency section */
		B10C18D55B5844F0A576F04E /* PBXTargetDependency */ = {
			isa = PBXTargetDependency;
			target = 6F10CA9C14FA48C0AD200B54 /* ShouldITextHim */;
			targetProxy = 97B9D49A82B6470F97BD8285 /* PBXContainerItemProxy */;
		};
/* End PBXTargetDependency section */

/* Begin XCBuildConfiguration section */
		B05B02F6AB984E12AAFAFAD1 /* Debug */ = {
			isa = XCBuildConfiguration;
			buildSettings = {
				ALWAYS_SEARCH_USER_PATHS = NO;
				ASSETCATALOG_COMPILER_APPICON_NAME = AppIcon;
				ASSETCATALOG_COMPILER_GLOBAL_ACCENT_COLOR_NAME = AccentColor;
				CLANG_ANALYZER_NONNULL = YES;
				CLANG_ANALYZER_NUMBER_OBJECT_CONVERSION = YES_AGGRESSIVE;
				CLANG_CXX_LANGUAGE_STANDARD = "gnu++20";
				CLANG_ENABLE_MODULES = YES;
				CLANG_ENABLE_OBJC_ARC = YES;
				CLANG_ENABLE_OBJC_WEAK = YES;
				CLANG_WARN_BLOCK_CAPTURE_AUTORELEASING = YES;
				CLANG_WARN_BOOL_CONVERSION = YES;
				CLANG_WARN_COMMA = YES;
				CLANG_WARN_CONSTANT_CONVERSION = YES;
				CLANG_WARN_DEPRECATED_OBJC_IMPLEMENTATIONS = YES;
				CLANG_WARN_DIRECT_OBJC_ISA_USAGE = YES_ERROR;
				CLANG_WARN_DOCUMENTATION_COMMENTS = YES;
				CLANG_WARN_EMPTY_BODY = YES;
				CLANG_WARN_ENUM_CONVERSION = YES;
				CLANG_WARN_INFINITE_RECURSION = YES;
				CLANG_WARN_INT_CONVERSION = YES;
				CLANG_WARN_NON_LITERAL_NULL_CONVERSION = YES;
				CLANG_WARN_OBJC_IMPLICIT_RETAIN_SELF = YES;
				CLANG_WARN_OBJC_LITERAL_CONVERSION = YES;
				CLANG_WARN_OBJC_ROOT_CLASS = YES_ERROR;
				CLANG_WARN_QUOTED_INCLUDE_IN_FRAMEWORK_HEADER = YES;
				CLANG_WARN_RANGE_LOOP_ANALYSIS = YES;
				CLANG_WARN_STRICT_PROTOTYPES = YES;
				CLANG_WARN_SUSPICIOUS_MOVE = YES;
				CLANG_WARN_UNGUARDED_AVAILABILITY = YES_AGGRESSIVE;
				CLANG_WARN_UNREACHABLE_CODE = YES;
				CLANG_WARN__DUPLICATE_METHOD_MATCH = YES;
				COPY_PHASE_STRIP = NO;
				DEBUG_INFORMATION_FORMAT = dwarf;
				ENABLE_STRICT_OBJC_MSGSEND = YES;
				ENABLE_TESTABILITY = YES;
				ENABLE_USER_SCRIPT_SANDBOXING = YES;
				GCC_C_LANGUAGE_STANDARD = gnu17;
				GCC_DYNAMIC_NO_PIC = NO;
				GCC_NO_COMMON_BLOCKS = YES;
				GCC_OPTIMIZATION_LEVEL = 0;
				GCC_PREPROCESSOR_DEFINITIONS = (
					"DEBUG=1",
					"$(inherited)",
				);
				GCC_WARN_64_TO_32_BIT_CONVERSION = YES;
				GCC_WARN_ABOUT_RETURN_TYPE = YES_ERROR;
				GCC_WARN_UNDECLARED_SELECTOR = YES;
				GCC_WARN_UNINITIALIZED_AUTOS = YES_AGGRESSIVE;
				GCC_WARN_UNUSED_FUNCTION = YES;
				GCC_WARN_UNUSED_VARIABLE = YES;
				GENERATE_INFOPLIST_FILE = NO;
				IPHONEOS_DEPLOYMENT_TARGET = 17.0;
				MTL_ENABLE_DEBUG_INFO = INCLUDE_SOURCE;
				MTL_FAST_MATH = YES;
				ONLY_ACTIVE_ARCH = YES;
				SDKROOT = iphoneos;
				SWIFT_ACTIVE_COMPILATION_CONDITIONS = "DEBUG $(inherited)";
				SWIFT_OPTIMIZATION_LEVEL = "-Onone";
				SWIFT_VERSION = 5.0;
			};
			name = Debug;
		};
		722B57AC6C70455EACB83942 /* Release */ = {
			isa = XCBuildConfiguration;
			buildSettings = {
				ALWAYS_SEARCH_USER_PATHS = NO;
				ASSETCATALOG_COMPILER_APPICON_NAME = AppIcon;
				ASSETCATALOG_COMPILER_GLOBAL_ACCENT_COLOR_NAME = AccentColor;
				CLANG_ANALYZER_NONNULL = YES;
				CLANG_ANALYZER_NUMBER_OBJECT_CONVERSION = YES_AGGRESSIVE;
				CLANG_CXX_LANGUAGE_STANDARD = "gnu++20";
				CLANG_ENABLE_MODULES = YES;
				CLANG_ENABLE_OBJC_ARC = YES;
				CLANG_ENABLE_OBJC_WEAK = YES;
				CLANG_WARN_BLOCK_CAPTURE_AUTORELEASING = YES;
				CLANG_WARN_BOOL_CONVERSION = YES;
				CLANG_WARN_COMMA = YES;
				CLANG_WARN_CONSTANT_CONVERSION = YES;
				CLANG_WARN_DEPRECATED_OBJC_IMPLEMENTATIONS = YES;
				CLANG_WARN_DIRECT_OBJC_ISA_USAGE = YES_ERROR;
				CLANG_WARN_DOCUMENTATION_COMMENTS = YES;
				CLANG_WARN_EMPTY_BODY = YES;
				CLANG_WARN_ENUM_CONVERSION = YES;
				CLANG_WARN_INFINITE_RECURSION = YES;
				CLANG_WARN_INT_CONVERSION = YES;
				CLANG_WARN_NON_LITERAL_NULL_CONVERSION = YES;
				CLANG_WARN_OBJC_IMPLICIT_RETAIN_SELF = YES;
				CLANG_WARN_OBJC_LITERAL_CONVERSION = YES;
				CLANG_WARN_OBJC_ROOT_CLASS = YES_ERROR;
				CLANG_WARN_QUOTED_INCLUDE_IN_FRAMEWORK_HEADER = YES;
				CLANG_WARN_RANGE_LOOP_ANALYSIS = YES;
				CLANG_WARN_STRICT_PROTOTYPES = YES;
				CLANG_WARN_SUSPICIOUS_MOVE = YES;
				CLANG_WARN_UNGUARDED_AVAILABILITY = YES_AGGRESSIVE;
				CLANG_WARN_UNREACHABLE_CODE = YES;
				CLANG_WARN__DUPLICATE_METHOD_MATCH = YES;
				COPY_PHASE_STRIP = NO;
				DEBUG_INFORMATION_FORMAT = "dwarf-with-dsym";
				ENABLE_STRICT_OBJC_MSGSEND = YES;
				ENABLE_USER_SCRIPT_SANDBOXING = YES;
				GCC_C_LANGUAGE_STANDARD = gnu17;
				GCC_NO_COMMON_BLOCKS = YES;
				GCC_WARN_64_TO_32_BIT_CONVERSION = YES;
				GCC_WARN_ABOUT_RETURN_TYPE = YES_ERROR;
				GCC_WARN_UNDECLARED_SELECTOR = YES;
				GCC_WARN_UNINITIALIZED_AUTOS = YES_AGGRESSIVE;
				GCC_WARN_UNUSED_FUNCTION = YES;
				GCC_WARN_UNUSED_VARIABLE = YES;
				GENERATE_INFOPLIST_FILE = NO;
				IPHONEOS_DEPLOYMENT_TARGET = 17.0;
				MTL_ENABLE_DEBUG_INFO = NO;
				MTL_FAST_MATH = YES;
				SDKROOT = iphoneos;
				SWIFT_VERSION = 5.0;
			};
			name = Release;
		};
		C631D96A873C4AE6A2B75D24 /* Debug */ = {
			isa = XCBuildConfiguration;
			buildSettings = {
				ASSETCATALOG_COMPILER_APPICON_NAME = AppIcon;
				ASSETCATALOG_COMPILER_GLOBAL_ACCENT_COLOR_NAME = AccentColor;
				CODE_SIGN_STYLE = Automatic;
				CURRENT_PROJECT_VERSION = 1;
				GENERATE_INFOPLIST_FILE = NO;
				INFOPLIST_FILE = ShouldITextHim/Info.plist;
				IPHONEOS_DEPLOYMENT_TARGET = 17.0;
				LD_RUNPATH_SEARCH_PATHS = (
					"$(inherited)",
					"@executable_path/Frameworks",
				);
				MARKETING_VERSION = 1.0.0;
				PRODUCT_BUNDLE_IDENTIFIER = com.theaigincy.shoulditexthim;
				PRODUCT_NAME = "$(TARGET_NAME)";
				SWIFT_EMIT_LOC_STRINGS = YES;
				SWIFT_VERSION = 5.0;
				TARGETED_DEVICE_FAMILY = "1,2";
			};
			name = Debug;
		};
		A9BE44C45BF6403BB319AF5D /* Release */ = {
			isa = XCBuildConfiguration;
			buildSettings = {
				ASSETCATALOG_COMPILER_APPICON_NAME = AppIcon;
				ASSETCATALOG_COMPILER_GLOBAL_ACCENT_COLOR_NAME = AccentColor;
				CODE_SIGN_STYLE = Automatic;
				CURRENT_PROJECT_VERSION = 1;
				GENERATE_INFOPLIST_FILE = NO;
				INFOPLIST_FILE = ShouldITextHim/Info.plist;
				IPHONEOS_DEPLOYMENT_TARGET = 17.0;
				LD_RUNPATH_SEARCH_PATHS = (
					"$(inherited)",
					"@executable_path/Frameworks",
				);
				MARKETING_VERSION = 1.0.0;
				PRODUCT_BUNDLE_IDENTIFIER = com.theaigincy.shoulditexthim;
				PRODUCT_NAME = "$(TARGET_NAME)";
				SWIFT_EMIT_LOC_STRINGS = YES;
				SWIFT_VERSION = 5.0;
				TARGETED_DEVICE_FAMILY = "1,2";
			};
			name = Release;
		};
		FAABA2578B694F76A3D738B4 /* Debug */ = {
			isa = XCBuildConfiguration;
			buildSettings = {
				BUNDLE_LOADER = "$(TEST_HOST)";
				CODE_SIGN_STYLE = Automatic;
				CURRENT_PROJECT_VERSION = 1;
				GENERATE_INFOPLIST_FILE = YES;
				IPHONEOS_DEPLOYMENT_TARGET = 17.0;
				MARKETING_VERSION = 1.0.0;
				PRODUCT_BUNDLE_IDENTIFIER = com.theaigincy.shoulditexthim.tests;
				PRODUCT_NAME = "$(TARGET_NAME)";
				SWIFT_EMIT_LOC_STRINGS = NO;
				SWIFT_VERSION = 5.0;
				TARGETED_DEVICE_FAMILY = "1,2";
				TEST_HOST = "$(BUILT_PRODUCTS_DIR)/ShouldITextHim.app/$(BUNDLE_EXECUTABLE_FOLDER_PATH)/ShouldITextHim";
			};
			name = Debug;
		};
		40CA53D442674D55B0375115 /* Release */ = {
			isa = XCBuildConfiguration;
			buildSettings = {
				BUNDLE_LOADER = "$(TEST_HOST)";
				CODE_SIGN_STYLE = Automatic;
				CURRENT_PROJECT_VERSION = 1;
				GENERATE_INFOPLIST_FILE = YES;
				IPHONEOS_DEPLOYMENT_TARGET = 17.0;
				MARKETING_VERSION = 1.0.0;
				PRODUCT_BUNDLE_IDENTIFIER = com.theaigincy.shoulditexthim.tests;
				PRODUCT_NAME = "$(TARGET_NAME)";
				SWIFT_EMIT_LOC_STRINGS = NO;
				SWIFT_VERSION = 5.0;
				TARGETED_DEVICE_FAMILY = "1,2";
				TEST_HOST = "$(BUILT_PRODUCTS_DIR)/ShouldITextHim.app/$(BUNDLE_EXECUTABLE_FOLDER_PATH)/ShouldITextHim";
			};
			name = Release;
		};
/* End XCBuildConfiguration section */

/* Begin XCConfigurationList section */
		699E931D4AFA4EA9BEF845D2 /* Build configuration list for PBXProject "ShouldITextHim" */ = {
			isa = XCConfigurationList;
			buildConfigurations = (
				B05B02F6AB984E12AAFAFAD1 /* Debug */,
				722B57AC6C70455EACB83942 /* Release */,
			);
			defaultConfigurationIsVisible = 0;
			defaultConfigurationName = Release;
		};
		6FC955C75AC241858021D282 /* Build configuration list for PBXNativeTarget "ShouldITextHim" */ = {
			isa = XCConfigurationList;
			buildConfigurations = (
				C631D96A873C4AE6A2B75D24 /* Debug */,
				A9BE44C45BF6403BB319AF5D /* Release */,
			);
			defaultConfigurationIsVisible = 0;
			defaultConfigurationName = Release;
		};
		FC70D732CD334B2EA28A47F9 /* Build configuration list for PBXNativeTarget "ShouldITextHimTests" */ = {
			isa = XCConfigurationList;
			buildConfigurations = (
				FAABA2578B694F76A3D738B4 /* Debug */,
				40CA53D442674D55B0375115 /* Release */,
			);
			defaultConfigurationIsVisible = 0;
			defaultConfigurationName = Release;
		};
/* End XCConfigurationList section */

	};
	rootObject = 3CF73F27B6164FAC9588AD57 /* Project object */;
}
