// !$*UTF8*$!
{
	archiveVersion = 1;
	classes = {
	};
	objectVersion = 60;
	objects = {

/* Begin PBXBuildFile section */
		CCDBBE4B69A04DC8AEF8BBA6 /* ShouldITextHimApp.swift in Sources */ = {isa = PBXBuildFile; fileRef = 02195CF7AC844FDA991E7450 /* ShouldITextHimApp.swift */; };
		1DCDFE24E7CD4C30AC2D7AB4 /* Verdict.swift in Sources */ = {isa = PBXBuildFile; fileRef = F90E30A68AA44F4AAE38B0F7 /* Verdict.swift */; };
		6D8713723D92426097121357 /* Goal.swift in Sources */ = {isa = PBXBuildFile; fileRef = B90E9F14A2244C3AA9147ED4 /* Goal.swift */; };
		030EAEB0654143D59C11CAFD /* QuickContext.swift in Sources */ = {isa = PBXBuildFile; fileRef = 7AA5F675AD2141A69C1F1A13 /* QuickContext.swift */; };
		9BABE60CD73A4C9FA0ABB2F7 /* ContextInput.swift in Sources */ = {isa = PBXBuildFile; fileRef = 2962243B724845DD89D2FA7B /* ContextInput.swift */; };
		E849AF24001549C0BEAD4480 /* JudgmentRequest.swift in Sources */ = {isa = PBXBuildFile; fileRef = B3C9B60E09FC46BF88754971 /* JudgmentRequest.swift */; };
		D102C8BD4FD6492985E8B57B /* JudgmentResult.swift in Sources */ = {isa = PBXBuildFile; fileRef = 97EEF144164945708E9A9963 /* JudgmentResult.swift */; };
		B20F591A8CDE46E69490041A /* SafetyScanner.swift in Sources */ = {isa = PBXBuildFile; fileRef = B2B36311565147B9B118FB46 /* SafetyScanner.swift */; };
		D9182B7ED5D5467BA16213EF /* MessageSignals.swift in Sources */ = {isa = PBXBuildFile; fileRef = 2260F3C479E9402792105EBF /* MessageSignals.swift */; };
		18F71845660B4437B5B245ED /* ContextSignals.swift in Sources */ = {isa = PBXBuildFile; fileRef = 8E710D7916104EFE9FD5D81F /* ContextSignals.swift */; };
		B2C4C9D6411142778AB5C27B /* DeterministicJudgmentRules.swift in Sources */ = {isa = PBXBuildFile; fileRef = 7E7A5FCEAFF54C688E4FB874 /* DeterministicJudgmentRules.swift */; };
		4335D74848D0497DBE66AA4D /* FallbackJudgment.swift in Sources */ = {isa = PBXBuildFile; fileRef = 7547460DE559494C9E80CAF9 /* FallbackJudgment.swift */; };
		B2C15C521540432BB3BD49E7 /* JudgmentProvider.swift in Sources */ = {isa = PBXBuildFile; fileRef = 66609DAF98174E28BAEF1628 /* JudgmentProvider.swift */; };
		36A26D7944D843288C6551FD /* LocalJudgmentProvider.swift in Sources */ = {isa = PBXBuildFile; fileRef = 1EAF815E2FA6446694E443BD /* LocalJudgmentProvider.swift */; };
		2EE408A5A21A4CB4BC621E67 /* RemoteAIJudgmentProvider.swift in Sources */ = {isa = PBXBuildFile; fileRef = A8C6662F313C4E57BA66D349 /* RemoteAIJudgmentProvider.swift */; };
		817C674F96404443AB42D440 /* RewriteEngine.swift in Sources */ = {isa = PBXBuildFile; fileRef = 95048C1269704FFAA206C98F /* RewriteEngine.swift */; };
		7BBFA5F6FE9D4FD698BC1378 /* RootView.swift in Sources */ = {isa = PBXBuildFile; fileRef = 2D14088EAA964CC0B98DF5A7 /* RootView.swift */; };
		9B39EEE614B2467E9781208C /* MessageStepView.swift in Sources */ = {isa = PBXBuildFile; fileRef = 1BCD2B6DDB3E479E8E4CB7B3 /* MessageStepView.swift */; };
		07CA7EFBF3614720A55B3806 /* GoalStepView.swift in Sources */ = {isa = PBXBuildFile; fileRef = B5E3937E23D64E12B29F8E7F /* GoalStepView.swift */; };
		7016308B5ACF4756A0C47733 /* ContextStepView.swift in Sources */ = {isa = PBXBuildFile; fileRef = 7A1FEB8125084194930C8901 /* ContextStepView.swift */; };
		589DB8E694444BE9B8DAA29B /* VerdictView.swift in Sources */ = {isa = PBXBuildFile; fileRef = 2E54BF332BC7480C9432FF1F /* VerdictView.swift */; };
		98D28BCBE23F4C8395AE2C70 /* RewriteResultView.swift in Sources */ = {isa = PBXBuildFile; fileRef = ED8F52FD0D6A4968BF56DAFD /* RewriteResultView.swift */; };
		ADFAB55E7EDE4F1595002FDD /* ClipboardWriting.swift in Sources */ = {isa = PBXBuildFile; fileRef = 70327B393B384F1C89060230 /* ClipboardWriting.swift */; };
		300CC8B8210A4C3184A02B82 /* JudgeViewModel.swift in Sources */ = {isa = PBXBuildFile; fileRef = 0A04735E02CF4D42BED90105 /* JudgeViewModel.swift */; };
		E72468EA28024D7E86E41090 /* Theme.swift in Sources */ = {isa = PBXBuildFile; fileRef = FEB7C001DE72419EA5B1EEBE /* Theme.swift */; };
		E4AEE6CA34B94E899B60A797 /* Haptics.swift in Sources */ = {isa = PBXBuildFile; fileRef = BF96C4765CAF4F11BC69090C /* Haptics.swift */; };
		781C4F6B926D41E1A8E5F7E0 /* Assets.xcassets in Resources */ = {isa = PBXBuildFile; fileRef = 058CD3A849FD450D8A1F24C3 /* Assets.xcassets */; };
		412C0B81B9B845E59670047B /* PrivacyInfo.xcprivacy in Resources */ = {isa = PBXBuildFile; fileRef = DC074531B5304421A032F264 /* PrivacyInfo.xcprivacy */; };
		786A034E030A4ACDBEDF64AD /* SafetyScannerTests.swift in Sources */ = {isa = PBXBuildFile; fileRef = 2856E32B62AE4E969D0996D7 /* SafetyScannerTests.swift */; };
		821CABE155DC46D384142849 /* DeterministicJudgmentRulesTests.swift in Sources */ = {isa = PBXBuildFile; fileRef = 6A6A78CCD3364238B9DC4676 /* DeterministicJudgmentRulesTests.swift */; };
		2662D23E4CDA45BA94772877 /* LocalJudgmentProviderFixtureTests.swift in Sources */ = {isa = PBXBuildFile; fileRef = 2021C258A8244BC9BEBF39A3 /* LocalJudgmentProviderFixtureTests.swift */; };
		3B93C877610346BD91AA82AB /* RewriteEngineTests.swift in Sources */ = {isa = PBXBuildFile; fileRef = F5741CEA171C4488B4FD3678 /* RewriteEngineTests.swift */; };
		8B6444CE10994A0B8E1FDBE5 /* JudgeViewModelTests.swift in Sources */ = {isa = PBXBuildFile; fileRef = 76D0AAC9FD3E4560ADBB7617 /* JudgeViewModelTests.swift */; };
		005F5F510F314176AF3B09E8 /* MockURLProtocol.swift in Sources */ = {isa = PBXBuildFile; fileRef = DB30ABCA4BC144858958BDC6 /* MockURLProtocol.swift */; };
		C7B5313C95AD4DADA073188F /* RemoteAIJudgmentProviderTests.swift in Sources */ = {isa = PBXBuildFile; fileRef = 38F03226935B424689BA9623 /* RemoteAIJudgmentProviderTests.swift */; };
		C0ADBA3BB5364D3885B4C4A7 /* RemoteAIJudgmentProviderLiveTests.swift in Sources */ = {isa = PBXBuildFile; fileRef = 4112EF8A30E2404A83962D7B /* RemoteAIJudgmentProviderLiveTests.swift */; };
		E68A61F5CC314093851F65D1 /* AdversarialSemanticFixtures.swift in Sources */ = {isa = PBXBuildFile; fileRef = 0907DF1972DE43589F950BFE /* AdversarialSemanticFixtures.swift */; };
		6D9A7FD1EF1A44EB874938D0 /* AdversarialSemanticFixtureTests.swift in Sources */ = {isa = PBXBuildFile; fileRef = 0655C1D784B348C89273756D /* AdversarialSemanticFixtureTests.swift */; };
/* End PBXBuildFile section */

/* Begin PBXContainerItemProxy section */
		9747D3B7D96A48F2849DD4DD /* PBXContainerItemProxy */ = {
			isa = PBXContainerItemProxy;
			containerPortal = 2E65A069F63A43DCB8EA344F /* Project object */;
			proxyType = 1;
			remoteGlobalIDString = A8A1C1CAA3374096831A0C8F;
			remoteInfo = ShouldITextHim;
		};
/* End PBXContainerItemProxy section */

/* Begin PBXFileReference section */
		93A9087DE9934530A6B55E49 /* ShouldITextHim.app */ = {isa = PBXFileReference; explicitFileType = wrapper.application; includeInIndex = 0; path = ShouldITextHim.app; sourceTree = BUILT_PRODUCTS_DIR; };
		F18F1C0E5F0549F2B86803CE /* ShouldITextHimTests.xctest */ = {isa = PBXFileReference; explicitFileType = wrapper.cfbundle; includeInIndex = 0; path = ShouldITextHimTests.xctest; sourceTree = BUILT_PRODUCTS_DIR; };
		64333B11D9744F61A42B1764 /* Info.plist */ = {isa = PBXFileReference; lastKnownFileType = text.plist.xml; path = Info.plist; sourceTree = "<group>"; };
		02195CF7AC844FDA991E7450 /* ShouldITextHimApp.swift */ = {isa = PBXFileReference; lastKnownFileType = sourcecode.swift; path = ShouldITextHimApp.swift; sourceTree = "<group>"; };
		F90E30A68AA44F4AAE38B0F7 /* Verdict.swift */ = {isa = PBXFileReference; lastKnownFileType = sourcecode.swift; path = Verdict.swift; sourceTree = "<group>"; };
		B90E9F14A2244C3AA9147ED4 /* Goal.swift */ = {isa = PBXFileReference; lastKnownFileType = sourcecode.swift; path = Goal.swift; sourceTree = "<group>"; };
		7AA5F675AD2141A69C1F1A13 /* QuickContext.swift */ = {isa = PBXFileReference; lastKnownFileType = sourcecode.swift; path = QuickContext.swift; sourceTree = "<group>"; };
		2962243B724845DD89D2FA7B /* ContextInput.swift */ = {isa = PBXFileReference; lastKnownFileType = sourcecode.swift; path = ContextInput.swift; sourceTree = "<group>"; };
		B3C9B60E09FC46BF88754971 /* JudgmentRequest.swift */ = {isa = PBXFileReference; lastKnownFileType = sourcecode.swift; path = JudgmentRequest.swift; sourceTree = "<group>"; };
		97EEF144164945708E9A9963 /* JudgmentResult.swift */ = {isa = PBXFileReference; lastKnownFileType = sourcecode.swift; path = JudgmentResult.swift; sourceTree = "<group>"; };
		B2B36311565147B9B118FB46 /* SafetyScanner.swift */ = {isa = PBXFileReference; lastKnownFileType = sourcecode.swift; path = SafetyScanner.swift; sourceTree = "<group>"; };
		2260F3C479E9402792105EBF /* MessageSignals.swift */ = {isa = PBXFileReference; lastKnownFileType = sourcecode.swift; path = MessageSignals.swift; sourceTree = "<group>"; };
		8E710D7916104EFE9FD5D81F /* ContextSignals.swift */ = {isa = PBXFileReference; lastKnownFileType = sourcecode.swift; path = ContextSignals.swift; sourceTree = "<group>"; };
		7E7A5FCEAFF54C688E4FB874 /* DeterministicJudgmentRules.swift */ = {isa = PBXFileReference; lastKnownFileType = sourcecode.swift; path = DeterministicJudgmentRules.swift; sourceTree = "<group>"; };
		7547460DE559494C9E80CAF9 /* FallbackJudgment.swift */ = {isa = PBXFileReference; lastKnownFileType = sourcecode.swift; path = FallbackJudgment.swift; sourceTree = "<group>"; };
		66609DAF98174E28BAEF1628 /* JudgmentProvider.swift */ = {isa = PBXFileReference; lastKnownFileType = sourcecode.swift; path = JudgmentProvider.swift; sourceTree = "<group>"; };
		1EAF815E2FA6446694E443BD /* LocalJudgmentProvider.swift */ = {isa = PBXFileReference; lastKnownFileType = sourcecode.swift; path = LocalJudgmentProvider.swift; sourceTree = "<group>"; };
		A8C6662F313C4E57BA66D349 /* RemoteAIJudgmentProvider.swift */ = {isa = PBXFileReference; lastKnownFileType = sourcecode.swift; path = RemoteAIJudgmentProvider.swift; sourceTree = "<group>"; };
		95048C1269704FFAA206C98F /* RewriteEngine.swift */ = {isa = PBXFileReference; lastKnownFileType = sourcecode.swift; path = RewriteEngine.swift; sourceTree = "<group>"; };
		2D14088EAA964CC0B98DF5A7 /* RootView.swift */ = {isa = PBXFileReference; lastKnownFileType = sourcecode.swift; path = RootView.swift; sourceTree = "<group>"; };
		1BCD2B6DDB3E479E8E4CB7B3 /* MessageStepView.swift */ = {isa = PBXFileReference; lastKnownFileType = sourcecode.swift; path = MessageStepView.swift; sourceTree = "<group>"; };
		B5E3937E23D64E12B29F8E7F /* GoalStepView.swift */ = {isa = PBXFileReference; lastKnownFileType = sourcecode.swift; path = GoalStepView.swift; sourceTree = "<group>"; };
		7A1FEB8125084194930C8901 /* ContextStepView.swift */ = {isa = PBXFileReference; lastKnownFileType = sourcecode.swift; path = ContextStepView.swift; sourceTree = "<group>"; };
		2E54BF332BC7480C9432FF1F /* VerdictView.swift */ = {isa = PBXFileReference; lastKnownFileType = sourcecode.swift; path = VerdictView.swift; sourceTree = "<group>"; };
		ED8F52FD0D6A4968BF56DAFD /* RewriteResultView.swift */ = {isa = PBXFileReference; lastKnownFileType = sourcecode.swift; path = RewriteResultView.swift; sourceTree = "<group>"; };
		70327B393B384F1C89060230 /* ClipboardWriting.swift */ = {isa = PBXFileReference; lastKnownFileType = sourcecode.swift; path = ClipboardWriting.swift; sourceTree = "<group>"; };
		0A04735E02CF4D42BED90105 /* JudgeViewModel.swift */ = {isa = PBXFileReference; lastKnownFileType = sourcecode.swift; path = JudgeViewModel.swift; sourceTree = "<group>"; };
		FEB7C001DE72419EA5B1EEBE /* Theme.swift */ = {isa = PBXFileReference; lastKnownFileType = sourcecode.swift; path = Theme.swift; sourceTree = "<group>"; };
		BF96C4765CAF4F11BC69090C /* Haptics.swift */ = {isa = PBXFileReference; lastKnownFileType = sourcecode.swift; path = Haptics.swift; sourceTree = "<group>"; };
		058CD3A849FD450D8A1F24C3 /* Assets.xcassets */ = {isa = PBXFileReference; lastKnownFileType = folder.assetcatalog; path = Assets.xcassets; sourceTree = "<group>"; };
		DC074531B5304421A032F264 /* PrivacyInfo.xcprivacy */ = {isa = PBXFileReference; lastKnownFileType = text.plist.xml; path = PrivacyInfo.xcprivacy; sourceTree = "<group>"; };
		2856E32B62AE4E969D0996D7 /* SafetyScannerTests.swift */ = {isa = PBXFileReference; lastKnownFileType = sourcecode.swift; path = SafetyScannerTests.swift; sourceTree = "<group>"; };
		6A6A78CCD3364238B9DC4676 /* DeterministicJudgmentRulesTests.swift */ = {isa = PBXFileReference; lastKnownFileType = sourcecode.swift; path = DeterministicJudgmentRulesTests.swift; sourceTree = "<group>"; };
		2021C258A8244BC9BEBF39A3 /* LocalJudgmentProviderFixtureTests.swift */ = {isa = PBXFileReference; lastKnownFileType = sourcecode.swift; path = LocalJudgmentProviderFixtureTests.swift; sourceTree = "<group>"; };
		F5741CEA171C4488B4FD3678 /* RewriteEngineTests.swift */ = {isa = PBXFileReference; lastKnownFileType = sourcecode.swift; path = RewriteEngineTests.swift; sourceTree = "<group>"; };
		76D0AAC9FD3E4560ADBB7617 /* JudgeViewModelTests.swift */ = {isa = PBXFileReference; lastKnownFileType = sourcecode.swift; path = JudgeViewModelTests.swift; sourceTree = "<group>"; };
		DB30ABCA4BC144858958BDC6 /* MockURLProtocol.swift */ = {isa = PBXFileReference; lastKnownFileType = sourcecode.swift; path = MockURLProtocol.swift; sourceTree = "<group>"; };
		38F03226935B424689BA9623 /* RemoteAIJudgmentProviderTests.swift */ = {isa = PBXFileReference; lastKnownFileType = sourcecode.swift; path = RemoteAIJudgmentProviderTests.swift; sourceTree = "<group>"; };
		4112EF8A30E2404A83962D7B /* RemoteAIJudgmentProviderLiveTests.swift */ = {isa = PBXFileReference; lastKnownFileType = sourcecode.swift; path = RemoteAIJudgmentProviderLiveTests.swift; sourceTree = "<group>"; };
		0907DF1972DE43589F950BFE /* AdversarialSemanticFixtures.swift */ = {isa = PBXFileReference; lastKnownFileType = sourcecode.swift; path = AdversarialSemanticFixtures.swift; sourceTree = "<group>"; };
		0655C1D784B348C89273756D /* AdversarialSemanticFixtureTests.swift */ = {isa = PBXFileReference; lastKnownFileType = sourcecode.swift; path = AdversarialSemanticFixtureTests.swift; sourceTree = "<group>"; };
/* End PBXFileReference section */

/* Begin PBXFrameworksBuildPhase section */
		575040639FA54824A4E806AB /* Frameworks */ = {
			isa = PBXFrameworksBuildPhase;
			buildActionMask = 2147483647;
			files = (
			);
			runOnlyForDeploymentPostprocessing = 0;
		};
		C8A48C348CDF4EDFAE6469B9 /* Frameworks */ = {
			isa = PBXFrameworksBuildPhase;
			buildActionMask = 2147483647;
			files = (
			);
			runOnlyForDeploymentPostprocessing = 0;
		};
/* End PBXFrameworksBuildPhase section */

/* Begin PBXGroup section */
		7BCDDF55B4EB4B9A9EA56632 /* Products */ = {
			isa = PBXGroup;
			children = (
				93A9087DE9934530A6B55E49 /* ShouldITextHim.app */,
				F18F1C0E5F0549F2B86803CE /* ShouldITextHimTests.xctest */,
			);
			name = Products;
			sourceTree = "<group>";
		};
		CB1A677EB7BA47DF9182D4D1 /* Models */ = {
			isa = PBXGroup;
			children = (
				F90E30A68AA44F4AAE38B0F7 /* Verdict.swift */,
				B90E9F14A2244C3AA9147ED4 /* Goal.swift */,
				7AA5F675AD2141A69C1F1A13 /* QuickContext.swift */,
				2962243B724845DD89D2FA7B /* ContextInput.swift */,
				B3C9B60E09FC46BF88754971 /* JudgmentRequest.swift */,
				97EEF144164945708E9A9963 /* JudgmentResult.swift */,
			);
			path = Models;
			sourceTree = "<group>";
		};
		F9EA6FE6F1B4495AB0903437 /* Engine */ = {
			isa = PBXGroup;
			children = (
				B2B36311565147B9B118FB46 /* SafetyScanner.swift */,
				2260F3C479E9402792105EBF /* MessageSignals.swift */,
				8E710D7916104EFE9FD5D81F /* ContextSignals.swift */,
				7E7A5FCEAFF54C688E4FB874 /* DeterministicJudgmentRules.swift */,
				7547460DE559494C9E80CAF9 /* FallbackJudgment.swift */,
				66609DAF98174E28BAEF1628 /* JudgmentProvider.swift */,
				1EAF815E2FA6446694E443BD /* LocalJudgmentProvider.swift */,
				A8C6662F313C4E57BA66D349 /* RemoteAIJudgmentProvider.swift */,
				95048C1269704FFAA206C98F /* RewriteEngine.swift */,
			);
			path = Engine;
			sourceTree = "<group>";
		};
		101A422C1DCA4EEE9C9B31C5 /* Views */ = {
			isa = PBXGroup;
			children = (
				2D14088EAA964CC0B98DF5A7 /* RootView.swift */,
				1BCD2B6DDB3E479E8E4CB7B3 /* MessageStepView.swift */,
				B5E3937E23D64E12B29F8E7F /* GoalStepView.swift */,
				7A1FEB8125084194930C8901 /* ContextStepView.swift */,
				2E54BF332BC7480C9432FF1F /* VerdictView.swift */,
				ED8F52FD0D6A4968BF56DAFD /* RewriteResultView.swift */,
			);
			path = Views;
			sourceTree = "<group>";
		};
		324DFFE2EE2344238D8BBB54 /* ViewModels */ = {
			isa = PBXGroup;
			children = (
				70327B393B384F1C89060230 /* ClipboardWriting.swift */,
				0A04735E02CF4D42BED90105 /* JudgeViewModel.swift */,
			);
			path = ViewModels;
			sourceTree = "<group>";
		};
		E136A2B43E7A4A5EA1F5BC44 /* Support */ = {
			isa = PBXGroup;
			children = (
				FEB7C001DE72419EA5B1EEBE /* Theme.swift */,
				BF96C4765CAF4F11BC69090C /* Haptics.swift */,
			);
			path = Support;
			sourceTree = "<group>";
		};
		6D1D30C4BF49475295D16DB0 /* ShouldITextHim */ = {
			isa = PBXGroup;
			children = (
				02195CF7AC844FDA991E7450 /* ShouldITextHimApp.swift */,
				CB1A677EB7BA47DF9182D4D1 /* Models */,
				F9EA6FE6F1B4495AB0903437 /* Engine */,
				101A422C1DCA4EEE9C9B31C5 /* Views */,
				324DFFE2EE2344238D8BBB54 /* ViewModels */,
				E136A2B43E7A4A5EA1F5BC44 /* Support */,
				058CD3A849FD450D8A1F24C3 /* Assets.xcassets */,
				DC074531B5304421A032F264 /* PrivacyInfo.xcprivacy */,
				64333B11D9744F61A42B1764 /* Info.plist */,
			);
			path = ShouldITextHim;
			sourceTree = "<group>";
		};
		E7527D67857848DE99EC040D /* ShouldITextHimTests */ = {
			isa = PBXGroup;
			children = (
				2856E32B62AE4E969D0996D7 /* SafetyScannerTests.swift */,
				6A6A78CCD3364238B9DC4676 /* DeterministicJudgmentRulesTests.swift */,
				2021C258A8244BC9BEBF39A3 /* LocalJudgmentProviderFixtureTests.swift */,
				F5741CEA171C4488B4FD3678 /* RewriteEngineTests.swift */,
				76D0AAC9FD3E4560ADBB7617 /* JudgeViewModelTests.swift */,
				DB30ABCA4BC144858958BDC6 /* MockURLProtocol.swift */,
				38F03226935B424689BA9623 /* RemoteAIJudgmentProviderTests.swift */,
				4112EF8A30E2404A83962D7B /* RemoteAIJudgmentProviderLiveTests.swift */,
				0907DF1972DE43589F950BFE /* AdversarialSemanticFixtures.swift */,
				0655C1D784B348C89273756D /* AdversarialSemanticFixtureTests.swift */,
			);
			path = ShouldITextHimTests;
			sourceTree = "<group>";
		};
		A2630FD488B14C8899D92580 = {
			isa = PBXGroup;
			children = (
				6D1D30C4BF49475295D16DB0 /* ShouldITextHim */,
				E7527D67857848DE99EC040D /* ShouldITextHimTests */,
				7BCDDF55B4EB4B9A9EA56632 /* Products */,
			);
			sourceTree = "<group>";
		};
/* End PBXGroup section */

/* Begin PBXNativeTarget section */
		A8A1C1CAA3374096831A0C8F /* ShouldITextHim */ = {
			isa = PBXNativeTarget;
			buildConfigurationList = A1CA522F7CEB41A390656AAE /* Build configuration list for PBXNativeTarget "ShouldITextHim" */;
			buildPhases = (
				51EB460217494F78897A8FBA /* Sources */,
				575040639FA54824A4E806AB /* Frameworks */,
				CE2B667252F5426BB3446A63 /* Resources */,
			);
			buildRules = (
			);
			dependencies = (
			);
			name = ShouldITextHim;
			productName = ShouldITextHim;
			productReference = 93A9087DE9934530A6B55E49 /* ShouldITextHim.app */;
			productType = "com.apple.product-type.application";
		};
		E9A9A07E25FB441D8BE0A29D /* ShouldITextHimTests */ = {
			isa = PBXNativeTarget;
			buildConfigurationList = 877A1575551D4402A5ACEFD6 /* Build configuration list for PBXNativeTarget "ShouldITextHimTests" */;
			buildPhases = (
				21388A83984841CCBD1DE2D2 /* Sources */,
				C8A48C348CDF4EDFAE6469B9 /* Frameworks */,
				6B30BC99F8BC455A906E0AC5 /* Resources */,
			);
			buildRules = (
			);
			dependencies = (
				54843EDBC40F4F37B9EF9388 /* PBXTargetDependency */,
			);
			name = ShouldITextHimTests;
			productName = ShouldITextHimTests;
			productReference = F18F1C0E5F0549F2B86803CE /* ShouldITextHimTests.xctest */;
			productType = "com.apple.product-type.bundle.unit-test";
		};
/* End PBXNativeTarget section */

/* Begin PBXProject section */
		2E65A069F63A43DCB8EA344F /* Project object */ = {
			isa = PBXProject;
			attributes = {
				BuildIndependentTargetsInParallel = 1;
				LastSwiftUpdateCheck = 1600;
				LastUpgradeCheck = 1600;
				TargetAttributes = {
					A8A1C1CAA3374096831A0C8F = {
						CreatedOnToolsVersion = 16.0;
					};
					E9A9A07E25FB441D8BE0A29D = {
						CreatedOnToolsVersion = 16.0;
						TestTargetID = A8A1C1CAA3374096831A0C8F;
					};
				};
			};
			buildConfigurationList = EAA49FDB74224600AB553639 /* Build configuration list for PBXProject "ShouldITextHim" */;
			compatibilityVersion = "Xcode 14.0";
			developmentRegion = en;
			hasScannedForEncodings = 0;
			knownRegions = (
				en,
				Base,
			);
			mainGroup = A2630FD488B14C8899D92580;
			productRefGroup = 7BCDDF55B4EB4B9A9EA56632 /* Products */;
			projectDirPath = "";
			projectRoot = "";
			targets = (
				A8A1C1CAA3374096831A0C8F /* ShouldITextHim */,
				E9A9A07E25FB441D8BE0A29D /* ShouldITextHimTests */,
			);
		};
/* End PBXProject section */

/* Begin PBXResourcesBuildPhase section */
		CE2B667252F5426BB3446A63 /* Resources */ = {
			isa = PBXResourcesBuildPhase;
			buildActionMask = 2147483647;
			files = (
				781C4F6B926D41E1A8E5F7E0 /* Assets.xcassets in Resources */,
				412C0B81B9B845E59670047B /* PrivacyInfo.xcprivacy in Resources */,
			);
			runOnlyForDeploymentPostprocessing = 0;
		};
		6B30BC99F8BC455A906E0AC5 /* Resources */ = {
			isa = PBXResourcesBuildPhase;
			buildActionMask = 2147483647;
			files = (
			);
			runOnlyForDeploymentPostprocessing = 0;
		};
/* End PBXResourcesBuildPhase section */

/* Begin PBXSourcesBuildPhase section */
		51EB460217494F78897A8FBA /* Sources */ = {
			isa = PBXSourcesBuildPhase;
			buildActionMask = 2147483647;
			files = (
				CCDBBE4B69A04DC8AEF8BBA6 /* ShouldITextHimApp.swift in Sources */,
				1DCDFE24E7CD4C30AC2D7AB4 /* Verdict.swift in Sources */,
				6D8713723D92426097121357 /* Goal.swift in Sources */,
				030EAEB0654143D59C11CAFD /* QuickContext.swift in Sources */,
				9BABE60CD73A4C9FA0ABB2F7 /* ContextInput.swift in Sources */,
				E849AF24001549C0BEAD4480 /* JudgmentRequest.swift in Sources */,
				D102C8BD4FD6492985E8B57B /* JudgmentResult.swift in Sources */,
				B20F591A8CDE46E69490041A /* SafetyScanner.swift in Sources */,
				D9182B7ED5D5467BA16213EF /* MessageSignals.swift in Sources */,
				18F71845660B4437B5B245ED /* ContextSignals.swift in Sources */,
				B2C4C9D6411142778AB5C27B /* DeterministicJudgmentRules.swift in Sources */,
				4335D74848D0497DBE66AA4D /* FallbackJudgment.swift in Sources */,
				B2C15C521540432BB3BD49E7 /* JudgmentProvider.swift in Sources */,
				36A26D7944D843288C6551FD /* LocalJudgmentProvider.swift in Sources */,
				2EE408A5A21A4CB4BC621E67 /* RemoteAIJudgmentProvider.swift in Sources */,
				817C674F96404443AB42D440 /* RewriteEngine.swift in Sources */,
				7BBFA5F6FE9D4FD698BC1378 /* RootView.swift in Sources */,
				9B39EEE614B2467E9781208C /* MessageStepView.swift in Sources */,
				07CA7EFBF3614720A55B3806 /* GoalStepView.swift in Sources */,
				7016308B5ACF4756A0C47733 /* ContextStepView.swift in Sources */,
				589DB8E694444BE9B8DAA29B /* VerdictView.swift in Sources */,
				98D28BCBE23F4C8395AE2C70 /* RewriteResultView.swift in Sources */,
				ADFAB55E7EDE4F1595002FDD /* ClipboardWriting.swift in Sources */,
				300CC8B8210A4C3184A02B82 /* JudgeViewModel.swift in Sources */,
				E72468EA28024D7E86E41090 /* Theme.swift in Sources */,
				E4AEE6CA34B94E899B60A797 /* Haptics.swift in Sources */,
			);
			runOnlyForDeploymentPostprocessing = 0;
		};
		21388A83984841CCBD1DE2D2 /* Sources */ = {
			isa = PBXSourcesBuildPhase;
			buildActionMask = 2147483647;
			files = (
				786A034E030A4ACDBEDF64AD /* SafetyScannerTests.swift in Sources */,
				821CABE155DC46D384142849 /* DeterministicJudgmentRulesTests.swift in Sources */,
				2662D23E4CDA45BA94772877 /* LocalJudgmentProviderFixtureTests.swift in Sources */,
				3B93C877610346BD91AA82AB /* RewriteEngineTests.swift in Sources */,
				8B6444CE10994A0B8E1FDBE5 /* JudgeViewModelTests.swift in Sources */,
				005F5F510F314176AF3B09E8 /* MockURLProtocol.swift in Sources */,
				C7B5313C95AD4DADA073188F /* RemoteAIJudgmentProviderTests.swift in Sources */,
				C0ADBA3BB5364D3885B4C4A7 /* RemoteAIJudgmentProviderLiveTests.swift in Sources */,
				E68A61F5CC314093851F65D1 /* AdversarialSemanticFixtures.swift in Sources */,
				6D9A7FD1EF1A44EB874938D0 /* AdversarialSemanticFixtureTests.swift in Sources */,
			);
			runOnlyForDeploymentPostprocessing = 0;
		};
/* End PBXSourcesBuildPhase section */

/* Begin PBXTargetDependency section */
		54843EDBC40F4F37B9EF9388 /* PBXTargetDependency */ = {
			isa = PBXTargetDependency;
			target = A8A1C1CAA3374096831A0C8F /* ShouldITextHim */;
			targetProxy = 9747D3B7D96A48F2849DD4DD /* PBXContainerItemProxy */;
		};
/* End PBXTargetDependency section */

/* Begin XCBuildConfiguration section */
		605075135730493B8F78F10A /* Debug */ = {
			isa = XCBuildConfiguration;
			buildSettings = {
				ALWAYS_SEARCH_USER_PATHS = NO;
				ASSETCATALOG_COMPILER_APPICON_NAME = AppIcon;
				ASSETCATALOG_COMPILER_GLOBAL_ACCENT_COLOR_NAME = AccentColor;
				CLANG_ANALYZER_NONNULL = YES;
				CLANG_ANALYZER_NUMBER_OBJECT_CONVERSION = YES_AGGRESSIVE;
				CLANG_CXX_LANGUAGE_STANDARD = "gnu++20";
				CLANG_ENABLE_MODULES = YES;
				CLANG_ENABLE_OBJC_ARC = YES;
				CLANG_ENABLE_OBJC_WEAK = YES;
				CLANG_WARN_BLOCK_CAPTURE_AUTORELEASING = YES;
				CLANG_WARN_BOOL_CONVERSION = YES;
				CLANG_WARN_COMMA = YES;
				CLANG_WARN_CONSTANT_CONVERSION = YES;
				CLANG_WARN_DEPRECATED_OBJC_IMPLEMENTATIONS = YES;
				CLANG_WARN_DIRECT_OBJC_ISA_USAGE = YES_ERROR;
				CLANG_WARN_DOCUMENTATION_COMMENTS = YES;
				CLANG_WARN_EMPTY_BODY = YES;
				CLANG_WARN_ENUM_CONVERSION = YES;
				CLANG_WARN_INFINITE_RECURSION = YES;
				CLANG_WARN_INT_CONVERSION = YES;
				CLANG_WARN_NON_LITERAL_NULL_CONVERSION = YES;
				CLANG_WARN_OBJC_IMPLICIT_RETAIN_SELF = YES;
				CLANG_WARN_OBJC_LITERAL_CONVERSION = YES;
				CLANG_WARN_OBJC_ROOT_CLASS = YES_ERROR;
				CLANG_WARN_QUOTED_INCLUDE_IN_FRAMEWORK_HEADER = YES;
				CLANG_WARN_RANGE_LOOP_ANALYSIS = YES;
				CLANG_WARN_STRICT_PROTOTYPES = YES;
				CLANG_WARN_SUSPICIOUS_MOVE = YES;
				CLANG_WARN_UNGUARDED_AVAILABILITY = YES_AGGRESSIVE;
				CLANG_WARN_UNREACHABLE_CODE = YES;
				CLANG_WARN__DUPLICATE_METHOD_MATCH = YES;
				COPY_PHASE_STRIP = NO;
				DEBUG_INFORMATION_FORMAT = dwarf;
				ENABLE_STRICT_OBJC_MSGSEND = YES;
				ENABLE_TESTABILITY = YES;
				ENABLE_USER_SCRIPT_SANDBOXING = YES;
				GCC_C_LANGUAGE_STANDARD = gnu17;
				GCC_DYNAMIC_NO_PIC = NO;
				GCC_NO_COMMON_BLOCKS = YES;
				GCC_OPTIMIZATION_LEVEL = 0;
				GCC_PREPROCESSOR_DEFINITIONS = (
					"DEBUG=1",
					"$(inherited)",
				);
				GCC_WARN_64_TO_32_BIT_CONVERSION = YES;
				GCC_WARN_ABOUT_RETURN_TYPE = YES_ERROR;
				GCC_WARN_UNDECLARED_SELECTOR = YES;
				GCC_WARN_UNINITIALIZED_AUTOS = YES_AGGRESSIVE;
				GCC_WARN_UNUSED_FUNCTION = YES;
				GCC_WARN_UNUSED_VARIABLE = YES;
				GENERATE_INFOPLIST_FILE = NO;
				IPHONEOS_DEPLOYMENT_TARGET = 17.0;
				MTL_ENABLE_DEBUG_INFO = INCLUDE_SOURCE;
				MTL_FAST_MATH = YES;
				ONLY_ACTIVE_ARCH = YES;
				SDKROOT = iphoneos;
				SWIFT_ACTIVE_COMPILATION_CONDITIONS = "DEBUG $(inherited)";
				SWIFT_OPTIMIZATION_LEVEL = "-Onone";
				SWIFT_VERSION = 5.0;
			};
			name = Debug;
		};
		152B2B3DA071469C90E9E57F /* Release */ = {
			isa = XCBuildConfiguration;
			buildSettings = {
				ALWAYS_SEARCH_USER_PATHS = NO;
				ASSETCATALOG_COMPILER_APPICON_NAME = AppIcon;
				ASSETCATALOG_COMPILER_GLOBAL_ACCENT_COLOR_NAME = AccentColor;
				CLANG_ANALYZER_NONNULL = YES;
				CLANG_ANALYZER_NUMBER_OBJECT_CONVERSION = YES_AGGRESSIVE;
				CLANG_CXX_LANGUAGE_STANDARD = "gnu++20";
				CLANG_ENABLE_MODULES = YES;
				CLANG_ENABLE_OBJC_ARC = YES;
				CLANG_ENABLE_OBJC_WEAK = YES;
				CLANG_WARN_BLOCK_CAPTURE_AUTORELEASING = YES;
				CLANG_WARN_BOOL_CONVERSION = YES;
				CLANG_WARN_COMMA = YES;
				CLANG_WARN_CONSTANT_CONVERSION = YES;
				CLANG_WARN_DEPRECATED_OBJC_IMPLEMENTATIONS = YES;
				CLANG_WARN_DIRECT_OBJC_ISA_USAGE = YES_ERROR;
				CLANG_WARN_DOCUMENTATION_COMMENTS = YES;
				CLANG_WARN_EMPTY_BODY = YES;
				CLANG_WARN_ENUM_CONVERSION = YES;
				CLANG_WARN_INFINITE_RECURSION = YES;
				CLANG_WARN_INT_CONVERSION = YES;
				CLANG_WARN_NON_LITERAL_NULL_CONVERSION = YES;
				CLANG_WARN_OBJC_IMPLICIT_RETAIN_SELF = YES;
				CLANG_WARN_OBJC_LITERAL_CONVERSION = YES;
				CLANG_WARN_OBJC_ROOT_CLASS = YES_ERROR;
				CLANG_WARN_QUOTED_INCLUDE_IN_FRAMEWORK_HEADER = YES;
				CLANG_WARN_RANGE_LOOP_ANALYSIS = YES;
				CLANG_WARN_STRICT_PROTOTYPES = YES;
				CLANG_WARN_SUSPICIOUS_MOVE = YES;
				CLANG_WARN_UNGUARDED_AVAILABILITY = YES_AGGRESSIVE;
				CLANG_WARN_UNREACHABLE_CODE = YES;
				CLANG_WARN__DUPLICATE_METHOD_MATCH = YES;
				COPY_PHASE_STRIP = NO;
				DEBUG_INFORMATION_FORMAT = "dwarf-with-dsym";
				ENABLE_STRICT_OBJC_MSGSEND = YES;
				ENABLE_USER_SCRIPT_SANDBOXING = YES;
				GCC_C_LANGUAGE_STANDARD = gnu17;
				GCC_NO_COMMON_BLOCKS = YES;
				GCC_WARN_64_TO_32_BIT_CONVERSION = YES;
				GCC_WARN_ABOUT_RETURN_TYPE = YES_ERROR;
				GCC_WARN_UNDECLARED_SELECTOR = YES;
				GCC_WARN_UNINITIALIZED_AUTOS = YES_AGGRESSIVE;
				GCC_WARN_UNUSED_FUNCTION = YES;
				GCC_WARN_UNUSED_VARIABLE = YES;
				GENERATE_INFOPLIST_FILE = NO;
				IPHONEOS_DEPLOYMENT_TARGET = 17.0;
				MTL_ENABLE_DEBUG_INFO = NO;
				MTL_FAST_MATH = YES;
				SDKROOT = iphoneos;
				SWIFT_VERSION = 5.0;
			};
			name = Release;
		};
		EF24B36964C34B2193C17878 /* Debug */ = {
			isa = XCBuildConfiguration;
			buildSettings = {
				ASSETCATALOG_COMPILER_APPICON_NAME = AppIcon;
				ASSETCATALOG_COMPILER_GLOBAL_ACCENT_COLOR_NAME = AccentColor;
				CODE_SIGN_STYLE = Automatic;
				CURRENT_PROJECT_VERSION = 1;
				GENERATE_INFOPLIST_FILE = NO;
				INFOPLIST_FILE = ShouldITextHim/Info.plist;
				IPHONEOS_DEPLOYMENT_TARGET = 17.0;
				LD_RUNPATH_SEARCH_PATHS = (
					"$(inherited)",
					"@executable_path/Frameworks",
				);
				MARKETING_VERSION = 1.0.0;
				PRODUCT_BUNDLE_IDENTIFIER = com.theaigincy.shoulditexthim;
				PRODUCT_NAME = "$(TARGET_NAME)";
				SWIFT_EMIT_LOC_STRINGS = YES;
				SWIFT_VERSION = 5.0;
				TARGETED_DEVICE_FAMILY = "1,2";
			};
			name = Debug;
		};
		A6D538BD95C2470FA1D61008 /* Release */ = {
			isa = XCBuildConfiguration;
			buildSettings = {
				ASSETCATALOG_COMPILER_APPICON_NAME = AppIcon;
				ASSETCATALOG_COMPILER_GLOBAL_ACCENT_COLOR_NAME = AccentColor;
				CODE_SIGN_STYLE = Automatic;
				CURRENT_PROJECT_VERSION = 1;
				GENERATE_INFOPLIST_FILE = NO;
				INFOPLIST_FILE = ShouldITextHim/Info.plist;
				IPHONEOS_DEPLOYMENT_TARGET = 17.0;
				LD_RUNPATH_SEARCH_PATHS = (
					"$(inherited)",
					"@executable_path/Frameworks",
				);
				MARKETING_VERSION = 1.0.0;
				PRODUCT_BUNDLE_IDENTIFIER = com.theaigincy.shoulditexthim;
				PRODUCT_NAME = "$(TARGET_NAME)";
				SWIFT_EMIT_LOC_STRINGS = YES;
				SWIFT_VERSION = 5.0;
				TARGETED_DEVICE_FAMILY = "1,2";
			};
			name = Release;
		};
		62A1B5AA552B433787DBAA15 /* Debug */ = {
			isa = XCBuildConfiguration;
			buildSettings = {
				BUNDLE_LOADER = "$(TEST_HOST)";
				CODE_SIGN_STYLE = Automatic;
				CURRENT_PROJECT_VERSION = 1;
				GENERATE_INFOPLIST_FILE = YES;
				IPHONEOS_DEPLOYMENT_TARGET = 17.0;
				MARKETING_VERSION = 1.0.0;
				PRODUCT_BUNDLE_IDENTIFIER = com.theaigincy.shoulditexthim.tests;
				PRODUCT_NAME = "$(TARGET_NAME)";
				SWIFT_EMIT_LOC_STRINGS = NO;
				SWIFT_VERSION = 5.0;
				TARGETED_DEVICE_FAMILY = "1,2";
				TEST_HOST = "$(BUILT_PRODUCTS_DIR)/ShouldITextHim.app/$(BUNDLE_EXECUTABLE_FOLDER_PATH)/ShouldITextHim";
			};
			name = Debug;
		};
		E010056376824D8AB1012745 /* Release */ = {
			isa = XCBuildConfiguration;
			buildSettings = {
				BUNDLE_LOADER = "$(TEST_HOST)";
				CODE_SIGN_STYLE = Automatic;
				CURRENT_PROJECT_VERSION = 1;
				GENERATE_INFOPLIST_FILE = YES;
				IPHONEOS_DEPLOYMENT_TARGET = 17.0;
				MARKETING_VERSION = 1.0.0;
				PRODUCT_BUNDLE_IDENTIFIER = com.theaigincy.shoulditexthim.tests;
				PRODUCT_NAME = "$(TARGET_NAME)";
				SWIFT_EMIT_LOC_STRINGS = NO;
				SWIFT_VERSION = 5.0;
				TARGETED_DEVICE_FAMILY = "1,2";
				TEST_HOST = "$(BUILT_PRODUCTS_DIR)/ShouldITextHim.app/$(BUNDLE_EXECUTABLE_FOLDER_PATH)/ShouldITextHim";
			};
			name = Release;
		};
/* End XCBuildConfiguration section */

/* Begin XCConfigurationList section */
		EAA49FDB74224600AB553639 /* Build configuration list for PBXProject "ShouldITextHim" */ = {
			isa = XCConfigurationList;
			buildConfigurations = (
				605075135730493B8F78F10A /* Debug */,
				152B2B3DA071469C90E9E57F /* Release */,
			);
			defaultConfigurationIsVisible = 0;
			defaultConfigurationName = Release;
		};
		A1CA522F7CEB41A390656AAE /* Build configuration list for PBXNativeTarget "ShouldITextHim" */ = {
			isa = XCConfigurationList;
			buildConfigurations = (
				EF24B36964C34B2193C17878 /* Debug */,
				A6D538BD95C2470FA1D61008 /* Release */,
			);
			defaultConfigurationIsVisible = 0;
			defaultConfigurationName = Release;
		};
		877A1575551D4402A5ACEFD6 /* Build configuration list for PBXNativeTarget "ShouldITextHimTests" */ = {
			isa = XCConfigurationList;
			buildConfigurations = (
				62A1B5AA552B433787DBAA15 /* Debug */,
				E010056376824D8AB1012745 /* Release */,
			);
			defaultConfigurationIsVisible = 0;
			defaultConfigurationName = Release;
		};
/* End XCConfigurationList section */

	};
	rootObject = 2E65A069F63A43DCB8EA344F /* Project object */;
}
